
Microsoft Visual Studio Solution File, Format Version 12.00
# Visual Studio Version 17
VisualStudioVersion = 17.10.35027.167
MinimumVisualStudioVersion = 10.0.40219.1
Project("{FAE04EC0-301F-11D3-BF4B-00C04F79EFBC}") = "geometric", "geometric\geometric.csproj", "{1C1F118F-4B59-4665-8BE2-07A61792300B}"
EndProject
Global
	GlobalSection(SolutionConfigurationPlatforms) = preSolution
		Debug|Any CPU = Debug|Any CPU
		Release|Any CPU = Release|Any CPU
	EndGlobalSection
	GlobalSection(ProjectConfigurationPlatforms) = postSolution
		{1C1F118F-4B59-4665-8BE2-07A61792300B}.Debug|Any CPU.ActiveCfg = Debug|Any CPU
		{1C1F118F-4B59-4665-8BE2-07A61792300B}.Debug|Any CPU.Build.0 = Debug|Any CPU
		{1C1F118F-4B59-4665-8BE2-07A61792300B}.Release|Any CPU.ActiveCfg = Release|Any CPU
		{1C1F118F-4B59-4665-8BE2-07A61792300B}.Release|Any CPU.Build.0 = Release|Any CPU
	EndGlobalSection
	GlobalSection(SolutionProperties) = preSolution
		HideSolutionNode = FALSE
	EndGlobalSection
	GlobalSection(ExtensibilityGlobals) = postSolution
		SolutionGuid = {1A568634-E972-44A0-9CBF-ED9E4531F24D}
	EndGlobalSection
EndGlobal
